{
    "_readme": [
        "This file locks the dependencies of your project to a known state",
        "Read more about it at https://getcomposer.org/doc/01-basic-usage.md#installing-dependencies",
        "This file is @generated automatically"
    ],
    "content-hash": "b93a46e93d05aa69271c52c6745ed319",
    "packages": [
        {
            "name": "ramphor/scheduler",
            "version": "dev-master",
            "source": {
                "type": "git",
                "url": "https://github.com/ramphor/scheduler.git",
                "reference": "819e6e7d927f995eb7d5d97dfed32c27af04b429"
            },
            "dist": {
                "type": "zip",
                "url": "https://api.github.com/repos/ramphor/scheduler/zipball/819e6e7d927f995eb7d5d97dfed32c27af04b429",
                "reference": "819e6e7d927f995eb7d5d97dfed32c27af04b429",
                "shasum": ""
            },
            "type": "library",
            "autoload": {
                "psr-4": {
                    "Ramphor\\Scheduler\\": "src/"
                }
            },
            "notification-url": "https://packagist.org/downloads/",
            "license": [
                "MIT"
            ],
            "authors": [
                {
                    "name": "Puleeno Nguyen",
                    "email": "puleeno@gmail.com"
                }
            ],
            "description": "A robust scheduling library for use in WordPress",
            "time": "2020-06-28T04:35:16+00:00"
        }
    ],
    "packages-dev": [],
    "aliases": [],
    "minimum-stability": "dev",
    "stability-flags": [],
    "prefer-stable": false,
    "prefer-lowest": false,
    "platform": [],
    "platform-dev": []
}
